{
  "name": "fitWeb",
  "lockfileVersion": 3,
  "requires": true,
  "packages": {
    "": {
      "dependencies": {
        "imagemapster": "^1.5.4",
        "jquery": "^3.6.3"
      }
    },
    "node_modules/imagemapster": {
      "version": "1.5.4",
      "resolved": "https://registry.npmjs.org/imagemapster/-/imagemapster-1.5.4.tgz",
      "integrity": "sha512-Ax7u3ZdtdutK88vkReYCSHVR3GT0+P+ZY6bBUMux5ClW7fxah8Hg/VpLqG+tkL/pFh8SQ7VM6GqfCnIoC+UXkA==",
      "peerDependencies": {
        "jquery": ">=1.7.0"
      }
    },
    "node_modules/jquery": {
      "version": "3.6.3",
      "resolved": "https://registry.npmjs.org/jquery/-/jquery-3.6.3.tgz",
      "integrity": "sha512-bZ5Sy3YzKo9Fyc8wH2iIQK4JImJ6R0GWI9kL1/k7Z91ZBNgkRXE6U0JfHIizZbort8ZunhSI3jw9I6253ahKfg=="
    }
  }
}
